
Microsoft Visual Studio Solution File, Format Version 12.00
# Visual Studio Version 16
VisualStudioVersion = 16.0.31624.102
MinimumVisualStudioVersion = 10.0.40219.1
Project("{FAE04EC0-301F-11D3-BF4B-00C04F79EFBC}") = "Inventory_guitar", "Inventory_guitar\Inventory_guitar.csproj", "{14E16237-866C-4D45-A321-97650650AAA2}"
EndProject
Global
	GlobalSection(SolutionConfigurationPlatforms) = preSolution
		Debug|Any CPU = Debug|Any CPU
		Release|Any CPU = Release|Any CPU
	EndGlobalSection
	GlobalSection(ProjectConfigurationPlatforms) = postSolution
		{14E16237-866C-4D45-A321-97650650AAA2}.Debug|Any CPU.ActiveCfg = Debug|Any CPU
		{14E16237-866C-4D45-A321-97650650AAA2}.Debug|Any CPU.Build.0 = Debug|Any CPU
		{14E16237-866C-4D45-A321-97650650AAA2}.Release|Any CPU.ActiveCfg = Release|Any CPU
		{14E16237-866C-4D45-A321-97650650AAA2}.Release|Any CPU.Build.0 = Release|Any CPU
	EndGlobalSection
	GlobalSection(SolutionProperties) = preSolution
		HideSolutionNode = FALSE
	EndGlobalSection
	GlobalSection(ExtensibilityGlobals) = postSolution
		SolutionGuid = {95D30D15-F3B9-4D79-8675-CEB046567433}
	EndGlobalSection
EndGlobal
